
Microsoft Visual Studio Solution File, Format Version 12.00
# Visual Studio Version 17
VisualStudioVersion = 17.9.34622.214
MinimumVisualStudioVersion = 10.0.40219.1
Project("{FAE04EC0-301F-11D3-BF4B-00C04F79EFBC}") = "act8-api", "mprtCorp\act8-api.csproj", "{DA9F6D87-86DF-4598-94A1-7497E0730236}"
EndProject
Global
	GlobalSection(SolutionConfigurationPlatforms) = preSolution
		Debug|Any CPU = Debug|Any CPU
		Release|Any CPU = Release|Any CPU
	EndGlobalSection
	GlobalSection(ProjectConfigurationPlatforms) = postSolution
		{DA9F6D87-86DF-4598-94A1-7497E0730236}.Debug|Any CPU.ActiveCfg = Debug|Any CPU
		{DA9F6D87-86DF-4598-94A1-7497E0730236}.Debug|Any CPU.Build.0 = Debug|Any CPU
		{DA9F6D87-86DF-4598-94A1-7497E0730236}.Release|Any CPU.ActiveCfg = Release|Any CPU
		{DA9F6D87-86DF-4598-94A1-7497E0730236}.Release|Any CPU.Build.0 = Release|Any CPU
	EndGlobalSection
	GlobalSection(SolutionProperties) = preSolution
		HideSolutionNode = FALSE
	EndGlobalSection
	GlobalSection(ExtensibilityGlobals) = postSolution
		SolutionGuid = {F3F671E2-A789-4E1C-AE50-2CBE2B85DE9F}
	EndGlobalSection
EndGlobal
